Microsoft Visual Studio Solution File, Format Version 12.00
# Visual Studio Version 18
VisualStudioVersion = 18.3.11520.95 d18.3
MinimumVisualStudioVersion = 10.0.40219.1
Project("{FAE04EC0-301F-11D3-BF4B-00C04F79EFBC}") = "DevTeamAI", "DevTeamAI.csproj", "{ED3A06DF-641F-7897-5C47-53FA1B97A52C}"
EndProject
Project("{FAE04EC0-301F-11D3-BF4B-00C04F79EFBC}") = "DevTeamAI.LLM", "..\DevTeamAI.LLM\DevTeamAI.LLM.csproj", "{0D1A7F07-1DB2-370F-29C8-90998716DAE1}"
EndProject
Project("{FAE04EC0-301F-11D3-BF4B-00C04F79EFBC}") = "DevTeamAI.ToolsTest", "..\DevTeamAI.ToolsTest\DevTeamAI.ToolsTest.csproj", "{8FE31940-7FD3-4B64-5047-2CCC595C8684}"
EndProject
Global
	GlobalSection(SolutionConfigurationPlatforms) = preSolution
		Debug|Any CPU = Debug|Any CPU
		Release|Any CPU = Release|Any CPU
	EndGlobalSection
	GlobalSection(ProjectConfigurationPlatforms) = postSolution
		{ED3A06DF-641F-7897-5C47-53FA1B97A52C}.Debug|Any CPU.ActiveCfg = Debug|Any CPU
		{ED3A06DF-641F-7897-5C47-53FA1B97A52C}.Debug|Any CPU.Build.0 = Debug|Any CPU
		{ED3A06DF-641F-7897-5C47-53FA1B97A52C}.Release|Any CPU.ActiveCfg = Release|Any CPU
		{ED3A06DF-641F-7897-5C47-53FA1B97A52C}.Release|Any CPU.Build.0 = Release|Any CPU
		{0D1A7F07-1DB2-370F-29C8-90998716DAE1}.Debug|Any CPU.ActiveCfg = Debug|Any CPU
		{0D1A7F07-1DB2-370F-29C8-90998716DAE1}.Debug|Any CPU.Build.0 = Debug|Any CPU
		{0D1A7F07-1DB2-370F-29C8-90998716DAE1}.Release|Any CPU.ActiveCfg = Release|Any CPU
		{0D1A7F07-1DB2-370F-29C8-90998716DAE1}.Release|Any CPU.Build.0 = Release|Any CPU
		{8FE31940-7FD3-4B64-5047-2CCC595C8684}.Debug|Any CPU.ActiveCfg = Debug|Any CPU
		{8FE31940-7FD3-4B64-5047-2CCC595C8684}.Debug|Any CPU.Build.0 = Debug|Any CPU
		{8FE31940-7FD3-4B64-5047-2CCC595C8684}.Release|Any CPU.ActiveCfg = Release|Any CPU
		{8FE31940-7FD3-4B64-5047-2CCC595C8684}.Release|Any CPU.Build.0 = Release|Any CPU
	EndGlobalSection
	GlobalSection(SolutionProperties) = preSolution
		HideSolutionNode = FALSE
	EndGlobalSection
	GlobalSection(ExtensibilityGlobals) = postSolution
		SolutionGuid = {E8F9A2B1-3C4D-4E5F-9B6A-7C8D9E2F3A1B}
	EndGlobalSection
EndGlobal
